
Microsoft Visual Studio Solution File, Format Version 12.00
# Visual Studio 15
VisualStudioVersion = 15.0.26730.16
MinimumVisualStudioVersion = 10.0.40219.1
Project("{9A19103F-16F7-4668-BE54-9A1E7A4F7556}") = "SocialConnector.Web", "SocialConnector.Web\SocialConnector.Web.csproj", "{95138B99-4DB3-4721-87EF-74C75B11DAE6}"
EndProject
Project("{9A19103F-16F7-4668-BE54-9A1E7A4F7556}") = "SocialConnector.Entites", "SocialConnector.Entites\SocialConnector.Entites.csproj", "{24DF1940-201A-4B0C-917A-A93A76B9F673}"
EndProject
Project("{9A19103F-16F7-4668-BE54-9A1E7A4F7556}") = "SocialConnector.Services", "SocialConnector.Services\SocialConnector.Services.csproj", "{669A5DB9-1088-4FCF-8237-7B8038A1C66C}"
EndProject
Project("{9A19103F-16F7-4668-BE54-9A1E7A4F7556}") = "SocialConnector.Models", "SocialConnector.Models\SocialConnector.Models.csproj", "{48CE77E9-475D-4AD5-984D-05D15D5A959B}"
EndProject
Project("{9A19103F-16F7-4668-BE54-9A1E7A4F7556}") = "SocialConnector.Mappings", "SocialConnector.Mappings\SocialConnector.Mappings.csproj", "{8FE89041-FF3C-40AA-A412-FB2CE142F058}"
EndProject
Project("{00D1A9C2-B5F0-4AF3-8072-F6C62B433612}") = "SocialConnector.Database", "SocialConnector.Database\SocialConnector.Database.sqlproj", "{7B905BB4-31EA-4879-9F81-661283C83C31}"
EndProject
Global
	GlobalSection(SolutionConfigurationPlatforms) = preSolution
		Debug|Any CPU = Debug|Any CPU
		Release|Any CPU = Release|Any CPU
	EndGlobalSection
	GlobalSection(ProjectConfigurationPlatforms) = postSolution
		{95138B99-4DB3-4721-87EF-74C75B11DAE6}.Debug|Any CPU.ActiveCfg = Debug|Any CPU
		{95138B99-4DB3-4721-87EF-74C75B11DAE6}.Debug|Any CPU.Build.0 = Debug|Any CPU
		{95138B99-4DB3-4721-87EF-74C75B11DAE6}.Release|Any CPU.ActiveCfg = Release|Any CPU
		{95138B99-4DB3-4721-87EF-74C75B11DAE6}.Release|Any CPU.Build.0 = Release|Any CPU
		{24DF1940-201A-4B0C-917A-A93A76B9F673}.Debug|Any CPU.ActiveCfg = Debug|Any CPU
		{24DF1940-201A-4B0C-917A-A93A76B9F673}.Debug|Any CPU.Build.0 = Debug|Any CPU
		{24DF1940-201A-4B0C-917A-A93A76B9F673}.Release|Any CPU.ActiveCfg = Release|Any CPU
		{24DF1940-201A-4B0C-917A-A93A76B9F673}.Release|Any CPU.Build.0 = Release|Any CPU
		{669A5DB9-1088-4FCF-8237-7B8038A1C66C}.Debug|Any CPU.ActiveCfg = Debug|Any CPU
		{669A5DB9-1088-4FCF-8237-7B8038A1C66C}.Debug|Any CPU.Build.0 = Debug|Any CPU
		{669A5DB9-1088-4FCF-8237-7B8038A1C66C}.Release|Any CPU.ActiveCfg = Release|Any CPU
		{669A5DB9-1088-4FCF-8237-7B8038A1C66C}.Release|Any CPU.Build.0 = Release|Any CPU
		{48CE77E9-475D-4AD5-984D-05D15D5A959B}.Debug|Any CPU.ActiveCfg = Debug|Any CPU
		{48CE77E9-475D-4AD5-984D-05D15D5A959B}.Debug|Any CPU.Build.0 = Debug|Any CPU
		{48CE77E9-475D-4AD5-984D-05D15D5A959B}.Release|Any CPU.ActiveCfg = Release|Any CPU
		{48CE77E9-475D-4AD5-984D-05D15D5A959B}.Release|Any CPU.Build.0 = Release|Any CPU
		{8FE89041-FF3C-40AA-A412-FB2CE142F058}.Debug|Any CPU.ActiveCfg = Debug|Any CPU
		{8FE89041-FF3C-40AA-A412-FB2CE142F058}.Debug|Any CPU.Build.0 = Debug|Any CPU
		{8FE89041-FF3C-40AA-A412-FB2CE142F058}.Release|Any CPU.ActiveCfg = Release|Any CPU
		{8FE89041-FF3C-40AA-A412-FB2CE142F058}.Release|Any CPU.Build.0 = Release|Any CPU
		{7B905BB4-31EA-4879-9F81-661283C83C31}.Debug|Any CPU.ActiveCfg = Debug|Any CPU
		{7B905BB4-31EA-4879-9F81-661283C83C31}.Debug|Any CPU.Build.0 = Debug|Any CPU
		{7B905BB4-31EA-4879-9F81-661283C83C31}.Debug|Any CPU.Deploy.0 = Debug|Any CPU
		{7B905BB4-31EA-4879-9F81-661283C83C31}.Release|Any CPU.ActiveCfg = Release|Any CPU
		{7B905BB4-31EA-4879-9F81-661283C83C31}.Release|Any CPU.Build.0 = Release|Any CPU
		{7B905BB4-31EA-4879-9F81-661283C83C31}.Release|Any CPU.Deploy.0 = Release|Any CPU
	EndGlobalSection
	GlobalSection(SolutionProperties) = preSolution
		HideSolutionNode = FALSE
	EndGlobalSection
	GlobalSection(ExtensibilityGlobals) = postSolution
		SolutionGuid = {B5A14728-8818-4BA5-BAD7-615EE4D5E34F}
	EndGlobalSection
EndGlobal
